// !$*UTF8*$!
{
	archiveVersion = 1;
	classes = {
	};
	objectVersion = 56;
	objects = {

/* ── Build configuration list for PBXProject ─────────────────────────── */
		AA000001 /* Project object */ = {
			isa = PBXProject;
			attributes = {
				BuildIndependentTargetsInParallel = 1;
				LastUpgradeCheck = 1500;
				TargetAttributes = {
					AA000010 /* NodeXVPN */ = {
						CreatedOnToolsVersion = 15.0;
						DevelopmentTeam = YOUR_TEAM_ID;
					};
					AA000020 /* NodeXTunnel */ = {
						CreatedOnToolsVersion = 15.0;
						DevelopmentTeam = YOUR_TEAM_ID;
					};
				};
			};
			buildConfigurationList = AA000002;
			compatibilityVersion = "Xcode 14.0";
			developmentRegion = en;
			hasScannedForEncodings = 0;
			knownRegions = (en, Base);
			mainGroup = AA000003;
			productRefGroup = AA000004 /* Products */;
			projectDirPath = "";
			projectRoot = "";
			targets = (
				AA000010 /* NodeXVPN */,
				AA000020 /* NodeXTunnel */,
			);
		};

/* ── File references ──────────────────────────────────────────────────── */
		AA000005 /* iOSApp.swift */  = { isa = PBXFileReference; lastKnownFileType = sourcecode.swift; path = iOSApp.swift; sourceTree = "<group>"; };
		AA000006 /* AppDelegate.swift */ = { isa = PBXFileReference; lastKnownFileType = sourcecode.swift; path = AppDelegate.swift; sourceTree = "<group>"; };
		AA000007 /* ContentView.swift */ = { isa = PBXFileReference; lastKnownFileType = sourcecode.swift; path = ContentView.swift; sourceTree = "<group>"; };
		AA000008 /* Info.plist */ = { isa = PBXFileReference; lastKnownFileType = text.plist.xml; path = Info.plist; sourceTree = "<group>"; };
		AA000009 /* NodeXVPN.entitlements */ = { isa = PBXFileReference; lastKnownFileType = text.plist.entitlements; path = NodeXVPN.entitlements; sourceTree = "<group>"; };
		AA000011 /* NodeXVPN.app */ = { isa = PBXFileReference; explicitFileType = wrapper.application; includeInIndex = 0; path = NodeXVPN.app; sourceTree = BUILT_PRODUCTS_DIR; };
		AA000021 /* PacketTunnelProvider.swift */ = { isa = PBXFileReference; lastKnownFileType = sourcecode.swift; path = PacketTunnelProvider.swift; sourceTree = "<group>"; };
		AA000022 /* NodeXTunnel-Info.plist */ = { isa = PBXFileReference; lastKnownFileType = text.plist.xml; path = Info.plist; sourceTree = "<group>"; };
		AA000023 /* NodeXTunnel.entitlements */ = { isa = PBXFileReference; lastKnownFileType = text.plist.entitlements; path = NodeXTunnel.entitlements; sourceTree = "<group>"; };
		AA000024 /* NodeXTunnel.appex */ = { isa = PBXFileReference; explicitFileType = "wrapper.app-extension"; includeInIndex = 0; path = NodeXTunnel.appex; sourceTree = BUILT_PRODUCTS_DIR; };

/* ── Groups ───────────────────────────────────────────────────────────── */
		AA000003 /* NodeX-VPN-iOS */ = {
			isa = PBXGroup;
			children = (
				AA000030 /* iosApp */,
				AA000031 /* NodeXTunnel */,
				AA000004 /* Products */,
			);
			sourceTree = "<group>";
		};
		AA000004 /* Products */ = {
			isa = PBXGroup;
			children = (
				AA000011 /* NodeXVPN.app */,
				AA000024 /* NodeXTunnel.appex */,
			);
			name = Products;
			sourceTree = "<group>";
		};
		AA000030 /* iosApp */ = {
			isa = PBXGroup;
			children = (
				AA000005 /* iOSApp.swift */,
				AA000006 /* AppDelegate.swift */,
				AA000007 /* ContentView.swift */,
				AA000008 /* Info.plist */,
				AA000009 /* NodeXVPN.entitlements */,
			);
			path = iosApp;
			sourceTree = "<group>";
		};
		AA000031 /* NodeXTunnel */ = {
			isa = PBXGroup;
			children = (
				AA000021 /* PacketTunnelProvider.swift */,
				AA000022 /* NodeXTunnel-Info.plist */,
				AA000023 /* NodeXTunnel.entitlements */,
			);
			path = NodeXTunnel;
			sourceTree = "<group>";
		};

/* ── Targets ──────────────────────────────────────────────────────────── */
		AA000010 /* NodeXVPN */ = {
			isa = PBXNativeTarget;
			buildConfigurationList = AA000012;
			buildPhases = (
				AA000013 /* Sources */,
				AA000014 /* Frameworks */,
				AA000015 /* Embed App Extensions */,
			);
			buildRules = ();
			dependencies = (AA000025 /* NodeXTunnel dependency */,);
			name = NodeXVPN;
			productName = NodeXVPN;
			productReference = AA000011 /* NodeXVPN.app */;
			productType = "com.apple.product-type.application";
		};

		AA000020 /* NodeXTunnel */ = {
			isa = PBXNativeTarget;
			buildConfigurationList = AA000026;
			buildPhases = (AA000027 /* Sources */,);
			buildRules = ();
			dependencies = ();
			name = NodeXTunnel;
			productName = NodeXTunnel;
			productReference = AA000024 /* NodeXTunnel.appex */;
			productType = "com.apple.product-type.app-extension";
		};

/* ── Build phases ─────────────────────────────────────────────────────── */
		AA000013 /* Sources */ = {
			isa = PBXSourcesBuildPhase;
			buildActionMask = 2147483647;
			files = (
				AA000050 /* iOSApp.swift in Sources */,
				AA000051 /* AppDelegate.swift in Sources */,
				AA000052 /* ContentView.swift in Sources */,
			);
			runOnlyForDeploymentPostprocessing = 0;
		};
		AA000050 = { isa = PBXBuildFile; fileRef = AA000005; };
		AA000051 = { isa = PBXBuildFile; fileRef = AA000006; };
		AA000052 = { isa = PBXBuildFile; fileRef = AA000007; };

		AA000014 /* Frameworks */ = {
			isa = PBXFrameworksBuildPhase;
			buildActionMask = 2147483647;
			files = ();
			runOnlyForDeploymentPostprocessing = 0;
		};

		AA000015 /* Embed App Extensions */ = {
			isa = PBXCopyFilesBuildPhase;
			buildActionMask = 2147483647;
			dstPath = "";
			dstSubfolderSpec = 13;
			files = (AA000053 /* NodeXTunnel.appex */,);
			name = "Embed App Extensions";
			runOnlyForDeploymentPostprocessing = 0;
		};
		AA000053 = { isa = PBXBuildFile; fileRef = AA000024; settings = { ATTRIBUTES = (RemoveHeadersOnCopy,); }; };

		AA000025 /* PBXTargetDependency */ = {
			isa = PBXTargetDependency;
			target = AA000020;
		};

		AA000027 /* Sources */ = {
			isa = PBXSourcesBuildPhase;
			buildActionMask = 2147483647;
			files = (AA000054 /* PacketTunnelProvider.swift */,);
			runOnlyForDeploymentPostprocessing = 0;
		};
		AA000054 = { isa = PBXBuildFile; fileRef = AA000021; };

/* ── Build configurations ─────────────────────────────────────────────── */
		AA000002 /* configList-project */ = {
			isa = XCConfigurationList;
			buildConfigurations = (AA000060 /* Debug */, AA000061 /* Release */);
			defaultConfigurationIsVisible = 0;
			defaultConfigurationName = Release;
		};
		AA000060 /* Debug */ = {
			isa = XCBuildConfiguration;
			buildSettings = {
				ALWAYS_SEARCH_USER_PATHS = NO;
				IPHONEOS_DEPLOYMENT_TARGET = 16.0;
				SWIFT_VERSION = 5.9;
			};
			name = Debug;
		};
		AA000061 /* Release */ = {
			isa = XCBuildConfiguration;
			buildSettings = {
				ALWAYS_SEARCH_USER_PATHS = NO;
				IPHONEOS_DEPLOYMENT_TARGET = 16.0;
				SWIFT_VERSION = 5.9;
			};
			name = Release;
		};

		AA000012 /* configList-app */ = {
			isa = XCConfigurationList;
			buildConfigurations = (AA000062 /* Debug */, AA000063 /* Release */);
			defaultConfigurationIsVisible = 0;
			defaultConfigurationName = Release;
		};
		AA000062 /* Debug */ = {
			isa = XCBuildConfiguration;
			buildSettings = {
				ASSETCATALOG_COMPILER_APPICON_NAME = AppIcon;
				CODE_SIGN_ENTITLEMENTS = iosApp/NodeXVPN.entitlements;
				CODE_SIGN_STYLE = Automatic;
				CURRENT_PROJECT_VERSION = 3;
				DEVELOPMENT_TEAM = YOUR_TEAM_ID;
				INFOPLIST_FILE = iosApp/Info.plist;
				IPHONEOS_DEPLOYMENT_TARGET = 16.0;
				MARKETING_VERSION = 0.3.0;
				PRODUCT_BUNDLE_IDENTIFIER = com.nodex.vpn;
				PRODUCT_NAME = NodeXVPN;
				SWIFT_VERSION = 5.9;
				TARGETED_DEVICE_FAMILY = "1,2";
			};
			name = Debug;
		};
		AA000063 /* Release */ = {
			isa = XCBuildConfiguration;
			buildSettings = {
				ASSETCATALOG_COMPILER_APPICON_NAME = AppIcon;
				CODE_SIGN_ENTITLEMENTS = iosApp/NodeXVPN.entitlements;
				CODE_SIGN_STYLE = Automatic;
				CURRENT_PROJECT_VERSION = 3;
				DEVELOPMENT_TEAM = YOUR_TEAM_ID;
				INFOPLIST_FILE = iosApp/Info.plist;
				IPHONEOS_DEPLOYMENT_TARGET = 16.0;
				MARKETING_VERSION = 0.3.0;
				PRODUCT_BUNDLE_IDENTIFIER = com.nodex.vpn;
				PRODUCT_NAME = NodeXVPN;
				SWIFT_COMPILATION_MODE = wholemodule;
				SWIFT_VERSION = 5.9;
				TARGETED_DEVICE_FAMILY = "1,2";
			};
			name = Release;
		};

		AA000026 /* configList-tunnel */ = {
			isa = XCConfigurationList;
			buildConfigurations = (AA000064 /* Debug */, AA000065 /* Release */);
			defaultConfigurationIsVisible = 0;
			defaultConfigurationName = Release;
		};
		AA000064 /* Debug */ = {
			isa = XCBuildConfiguration;
			buildSettings = {
				CODE_SIGN_ENTITLEMENTS = NodeXTunnel/NodeXTunnel.entitlements;
				CODE_SIGN_STYLE = Automatic;
				CURRENT_PROJECT_VERSION = 3;
				DEVELOPMENT_TEAM = YOUR_TEAM_ID;
				INFOPLIST_FILE = NodeXTunnel/Info.plist;
				IPHONEOS_DEPLOYMENT_TARGET = 16.0;
				MARKETING_VERSION = 0.3.0;
				PRODUCT_BUNDLE_IDENTIFIER = com.nodex.vpn.ios.tunnel;
				PRODUCT_NAME = NodeXTunnel;
				SWIFT_VERSION = 5.9;
			};
			name = Debug;
		};
		AA000065 /* Release */ = {
			isa = XCBuildConfiguration;
			buildSettings = {
				CODE_SIGN_ENTITLEMENTS = NodeXTunnel/NodeXTunnel.entitlements;
				CODE_SIGN_STYLE = Automatic;
				CURRENT_PROJECT_VERSION = 3;
				DEVELOPMENT_TEAM = YOUR_TEAM_ID;
				INFOPLIST_FILE = NodeXTunnel/Info.plist;
				IPHONEOS_DEPLOYMENT_TARGET = 16.0;
				MARKETING_VERSION = 0.3.0;
				PRODUCT_BUNDLE_IDENTIFIER = com.nodex.vpn.ios.tunnel;
				PRODUCT_NAME = NodeXTunnel;
				SWIFT_COMPILATION_MODE = wholemodule;
				SWIFT_VERSION = 5.9;
			};
			name = Release;
		};

	};
	rootObject = AA000001 /* Project object */;
}
